
Microsoft Visual Studio Solution File, Format Version 12.00
# Visual Studio Version 17
VisualStudioVersion = 17.7.34024.191
MinimumVisualStudioVersion = 10.0.40219.1
Project("{FAE04EC0-301F-11D3-BF4B-00C04F79EFBC}") = "TestTestTest", "TestTestTest\TestTestTest.csproj", "{04E95358-2D29-4C8C-B0BC-8D7A395914C2}"
EndProject
Global
	GlobalSection(SolutionConfigurationPlatforms) = preSolution
		Debug|Any CPU = Debug|Any CPU
		Release|Any CPU = Release|Any CPU
	EndGlobalSection
	GlobalSection(ProjectConfigurationPlatforms) = postSolution
		{04E95358-2D29-4C8C-B0BC-8D7A395914C2}.Debug|Any CPU.ActiveCfg = Debug|Any CPU
		{04E95358-2D29-4C8C-B0BC-8D7A395914C2}.Debug|Any CPU.Build.0 = Debug|Any CPU
		{04E95358-2D29-4C8C-B0BC-8D7A395914C2}.Release|Any CPU.ActiveCfg = Release|Any CPU
		{04E95358-2D29-4C8C-B0BC-8D7A395914C2}.Release|Any CPU.Build.0 = Release|Any CPU
	EndGlobalSection
	GlobalSection(SolutionProperties) = preSolution
		HideSolutionNode = FALSE
	EndGlobalSection
	GlobalSection(ExtensibilityGlobals) = postSolution
		SolutionGuid = {606EABF2-9E17-4BCE-B063-0F7167AD8F05}
	EndGlobalSection
EndGlobal
